
Microsoft Visual Studio Solution File, Format Version 12.00
# Visual Studio Version 16
VisualStudioVersion = 16.0.33130.400
MinimumVisualStudioVersion = 10.0.40219.1
Project("{FAE04EC0-301F-11D3-BF4B-00C04F79EFBC}") = "Cat1", "Cat1.csproj", "{702869D3-FA41-408A-BF5E-03E067F21CC4}"
EndProject
Global
	GlobalSection(SolutionConfigurationPlatforms) = preSolution
		Debug|Any CPU = Debug|Any CPU
		Release|Any CPU = Release|Any CPU
	EndGlobalSection
	GlobalSection(ProjectConfigurationPlatforms) = postSolution
		{702869D3-FA41-408A-BF5E-03E067F21CC4}.Debug|Any CPU.ActiveCfg = Debug|Any CPU
		{702869D3-FA41-408A-BF5E-03E067F21CC4}.Debug|Any CPU.Build.0 = Debug|Any CPU
		{702869D3-FA41-408A-BF5E-03E067F21CC4}.Release|Any CPU.ActiveCfg = Release|Any CPU
		{702869D3-FA41-408A-BF5E-03E067F21CC4}.Release|Any CPU.Build.0 = Release|Any CPU
	EndGlobalSection
	GlobalSection(SolutionProperties) = preSolution
		HideSolutionNode = FALSE
	EndGlobalSection
	GlobalSection(ExtensibilityGlobals) = postSolution
		SolutionGuid = {AB726295-0BC5-450B-A461-C8FC3C07A7AC}
	EndGlobalSection
EndGlobal
